
Microsoft Visual Studio Solution File, Format Version 12.00
# Visual Studio 14
VisualStudioVersion = 14.0.25420.1
MinimumVisualStudioVersion = 10.0.40219.1
Project("{FAE04EC0-301F-11D3-BF4B-00C04F79EFBC}") = "Library", "Library\Library.csproj", "{54578741-6732-41CA-AABB-FE9E790B12ED}"
EndProject
Project("{FAE04EC0-301F-11D3-BF4B-00C04F79EFBC}") = "UI", "UI\UI.csproj", "{C22E56D0-8B6D-4C2B-A654-A45A5358767B}"
EndProject
Global
	GlobalSection(SolutionConfigurationPlatforms) = preSolution
		Debug|Any CPU = Debug|Any CPU
		Release|Any CPU = Release|Any CPU
	EndGlobalSection
	GlobalSection(ProjectConfigurationPlatforms) = postSolution
		{54578741-6732-41CA-AABB-FE9E790B12ED}.Debug|Any CPU.ActiveCfg = Debug|Any CPU
		{54578741-6732-41CA-AABB-FE9E790B12ED}.Debug|Any CPU.Build.0 = Debug|Any CPU
		{54578741-6732-41CA-AABB-FE9E790B12ED}.Release|Any CPU.ActiveCfg = Release|Any CPU
		{54578741-6732-41CA-AABB-FE9E790B12ED}.Release|Any CPU.Build.0 = Release|Any CPU
		{C22E56D0-8B6D-4C2B-A654-A45A5358767B}.Debug|Any CPU.ActiveCfg = Debug|Any CPU
		{C22E56D0-8B6D-4C2B-A654-A45A5358767B}.Debug|Any CPU.Build.0 = Debug|Any CPU
		{C22E56D0-8B6D-4C2B-A654-A45A5358767B}.Release|Any CPU.ActiveCfg = Release|Any CPU
		{C22E56D0-8B6D-4C2B-A654-A45A5358767B}.Release|Any CPU.Build.0 = Release|Any CPU
	EndGlobalSection
	GlobalSection(SolutionProperties) = preSolution
		HideSolutionNode = FALSE
	EndGlobalSection
EndGlobal
